
Microsoft Visual Studio Solution File, Format Version 12.00
# Visual Studio Version 17
VisualStudioVersion = 17.4.33205.214
MinimumVisualStudioVersion = 10.0.40219.1
Project("{FAE04EC0-301F-11D3-BF4B-00C04F79EFBC}") = "WebShop", "WebShop\WebShop.csproj", "{0BCA0F43-4439-424E-9AA5-B98C202B207D}"
EndProject
Project("{9A19103F-16F7-4668-BE54-9A1E7A4F7556}") = "Database", "Database\Database.csproj", "{36D242FB-FF87-443F-A8A1-149591E5509F}"
EndProject
Project("{9A19103F-16F7-4668-BE54-9A1E7A4F7556}") = "Services", "Services\Services.csproj", "{C4018D1D-0F8F-418B-8AD6-BDB57D7D6D00}"
EndProject
Project("{9A19103F-16F7-4668-BE54-9A1E7A4F7556}") = "Core", "Core\Core.csproj", "{3A213768-3323-44F9-B076-5383DB765B59}"
EndProject
Project("{FAE04EC0-301F-11D3-BF4B-00C04F79EFBC}") = "Models", "Models\Models.csproj", "{388EACB5-0DBF-4ECD-85DE-8A86692B6D19}"
EndProject
Global
	GlobalSection(SolutionConfigurationPlatforms) = preSolution
		Debug|Any CPU = Debug|Any CPU
		Release|Any CPU = Release|Any CPU
	EndGlobalSection
	GlobalSection(ProjectConfigurationPlatforms) = postSolution
		{0BCA0F43-4439-424E-9AA5-B98C202B207D}.Debug|Any CPU.ActiveCfg = Debug|Any CPU
		{0BCA0F43-4439-424E-9AA5-B98C202B207D}.Debug|Any CPU.Build.0 = Debug|Any CPU
		{0BCA0F43-4439-424E-9AA5-B98C202B207D}.Release|Any CPU.ActiveCfg = Release|Any CPU
		{0BCA0F43-4439-424E-9AA5-B98C202B207D}.Release|Any CPU.Build.0 = Release|Any CPU
		{36D242FB-FF87-443F-A8A1-149591E5509F}.Debug|Any CPU.ActiveCfg = Debug|Any CPU
		{36D242FB-FF87-443F-A8A1-149591E5509F}.Debug|Any CPU.Build.0 = Debug|Any CPU
		{36D242FB-FF87-443F-A8A1-149591E5509F}.Release|Any CPU.ActiveCfg = Release|Any CPU
		{36D242FB-FF87-443F-A8A1-149591E5509F}.Release|Any CPU.Build.0 = Release|Any CPU
		{C4018D1D-0F8F-418B-8AD6-BDB57D7D6D00}.Debug|Any CPU.ActiveCfg = Debug|Any CPU
		{C4018D1D-0F8F-418B-8AD6-BDB57D7D6D00}.Debug|Any CPU.Build.0 = Debug|Any CPU
		{C4018D1D-0F8F-418B-8AD6-BDB57D7D6D00}.Release|Any CPU.ActiveCfg = Release|Any CPU
		{C4018D1D-0F8F-418B-8AD6-BDB57D7D6D00}.Release|Any CPU.Build.0 = Release|Any CPU
		{3A213768-3323-44F9-B076-5383DB765B59}.Debug|Any CPU.ActiveCfg = Debug|Any CPU
		{3A213768-3323-44F9-B076-5383DB765B59}.Debug|Any CPU.Build.0 = Debug|Any CPU
		{3A213768-3323-44F9-B076-5383DB765B59}.Release|Any CPU.ActiveCfg = Release|Any CPU
		{3A213768-3323-44F9-B076-5383DB765B59}.Release|Any CPU.Build.0 = Release|Any CPU
		{388EACB5-0DBF-4ECD-85DE-8A86692B6D19}.Debug|Any CPU.ActiveCfg = Debug|Any CPU
		{388EACB5-0DBF-4ECD-85DE-8A86692B6D19}.Debug|Any CPU.Build.0 = Debug|Any CPU
		{388EACB5-0DBF-4ECD-85DE-8A86692B6D19}.Release|Any CPU.ActiveCfg = Release|Any CPU
		{388EACB5-0DBF-4ECD-85DE-8A86692B6D19}.Release|Any CPU.Build.0 = Release|Any CPU
	EndGlobalSection
	GlobalSection(SolutionProperties) = preSolution
		HideSolutionNode = FALSE
	EndGlobalSection
	GlobalSection(ExtensibilityGlobals) = postSolution
		SolutionGuid = {E9A23608-54C0-4C95-BD25-9F16B6C29475}
	EndGlobalSection
EndGlobal
